{
  "originHash" : "346c4c3303240301de57f9f9c1697c6e71f3cd793340e12df2a451c8708dcff5",
  "pins" : [
    {
      "identity" : "capacitor-swift-pm",
      "kind" : "remoteSourceControl",
      "location" : "https://github.com/ionic-team/capacitor-swift-pm.git",
      "state" : {
        "revision" : "13a39179b3df796f3bb2e70c47ccdd92593f34d2",
        "version" : "8.0.2"
      }
    },
    {
      "identity" : "purchases-hybrid-common",
      "kind" : "remoteSourceControl",
      "location" : "https://github.com/RevenueCat/purchases-hybrid-common.git",
      "state" : {
        "revision" : "83f5a6c7a236b7db5c934e3498bcbcefe85bdd7c",
        "version" : "17.47.0"
      }
    },
    {
      "identity" : "purchases-ios-spm",
      "kind" : "remoteSourceControl",
      "location" : "https://github.com/RevenueCat/purchases-ios-spm",
      "state" : {
        "revision" : "a32fd7872f2beaa584b51b6c744364f27e75c869",
        "version" : "5.63.0"
      }
    }
  ],
  "version" : 3
}
